
Microsoft Visual Studio Solution File, Format Version 12.00
# Visual Studio Version 17
VisualStudioVersion = 17.5.002.0
MinimumVisualStudioVersion = 10.0.40219.1
Project("{9A19103F-16F7-4668-BE54-9A1E7A4F7556}") = "Overview", "Overview\Overview.csproj", "{2ECCEDE0-885E-4038-833F-FDF26085F27D}"
EndProject
Project("{2150E333-8FDC-42A3-9474-1A3956D46DE8}") = "Strings", "Strings", "{46D8C6EF-25AC-4125-A06E-9FACA41B37C2}"
EndProject
Project("{9A19103F-16F7-4668-BE54-9A1E7A4F7556}") = "Manipulation", "Strings\Manipulation\Manipulation.csproj", "{AC7A4CD5-B40E-40F7-9F25-09A7EEFB7EDA}"
EndProject
Project("{9A19103F-16F7-4668-BE54-9A1E7A4F7556}") = "Searching", "Strings\Searching\Searching.csproj", "{E453A86C-8071-4D93-9851-6A3B50C1151B}"
EndProject
Project("{9A19103F-16F7-4668-BE54-9A1E7A4F7556}") = "Formatting", "Strings\Formatting\Formatting.csproj", "{514A8500-8212-4587-A31F-F2A1C0859C12}"
EndProject
Project("{9A19103F-16F7-4668-BE54-9A1E7A4F7556}") = "Interpolation", "Strings\Interpolation\Interpolation.csproj", "{17FE50D2-2705-41AB-BE96-4FE3997E878F}"
EndProject
Project("{2150E333-8FDC-42A3-9474-1A3956D46DE8}") = "Regex", "Regex", "{62830F7E-8595-454E-A7BD-8D28D424C7BE}"
EndProject
Project("{9A19103F-16F7-4668-BE54-9A1E7A4F7556}") = "Finding", "Regex\Finding\Finding.csproj", "{0B6D5D79-2A23-4538-BD0D-EC6EEA53F23E}"
EndProject
Project("{9A19103F-16F7-4668-BE54-9A1E7A4F7556}") = "RegexTimeouts", "Regex\Timeouts\RegexTimeouts.csproj", "{4DE3E7FF-F996-46EF-9F4F-A3562B9549D5}"
EndProject
Project("{9A19103F-16F7-4668-BE54-9A1E7A4F7556}") = "Replacing", "Regex\Replacing\Replacing.csproj", "{711F6736-AE30-4E5D-B350-9E79CAE7DB43}"
EndProject
Project("{2150E333-8FDC-42A3-9474-1A3956D46DE8}") = "NumbersDates", "NumbersDates", "{F477CB64-2B94-4D8D-867C-B20B45E2AD4E}"
EndProject
Project("{9A19103F-16F7-4668-BE54-9A1E7A4F7556}") = "FormatDates", "NumbersDates\FormatDates\FormatDates.csproj", "{5CB87959-A064-4403-B780-773510E4348B}"
EndProject
Project("{9A19103F-16F7-4668-BE54-9A1E7A4F7556}") = "DateTimeClass", "NumbersDates\DateTimeClass\DateTimeClass.csproj", "{15174E9F-58C6-4DEE-945C-39CF46739FB8}"
EndProject
Project("{9A19103F-16F7-4668-BE54-9A1E7A4F7556}") = "FormatNumbers", "NumbersDates\FormatNumbers\FormatNumbers.csproj", "{E0ABD8F5-2C74-472D-AFCE-AAD1ED852DF7}"
EndProject
Project("{9A19103F-16F7-4668-BE54-9A1E7A4F7556}") = "ParseDates", "NumbersDates\ParseDates\ParseDates.csproj", "{ED6FA3C7-7497-4EA3-8CB5-B5C81D6F8144}"
EndProject
Project("{9A19103F-16F7-4668-BE54-9A1E7A4F7556}") = "ParseNumbers", "NumbersDates\ParseNumbers\ParseNumbers.csproj", "{229C9358-B35F-41CA-B095-789610227E44}"
EndProject
Project("{2150E333-8FDC-42A3-9474-1A3956D46DE8}") = "Files", "Files", "{4F6B553C-2B22-4846-B382-A8982C233CB4}"
EndProject
Project("{9A19103F-16F7-4668-BE54-9A1E7A4F7556}") = "ReadWriteFiles", "Files\ReadWriteFiles\ReadWriteFiles.csproj", "{8F30AA3A-9FA8-44FB-A051-0FB10B652FF8}"
EndProject
Project("{9A19103F-16F7-4668-BE54-9A1E7A4F7556}") = "FileInfo", "Files\FileInfo\FileInfo.csproj", "{D828AF98-DF3B-4D6C-A5C7-9B7379CFEA9D}"
EndProject
Project("{9A19103F-16F7-4668-BE54-9A1E7A4F7556}") = "Directories", "Files\Directories\Directories.csproj", "{DBE12815-D6EB-4B8D-9431-8664E9F4824B}"
EndProject
Project("{9A19103F-16F7-4668-BE54-9A1E7A4F7556}") = "CreateFiles", "Files\CreateFiles\CreateFiles.csproj", "{864649F8-A59C-4A3E-A567-3EE1154BB575}"
EndProject
Project("{2150E333-8FDC-42A3-9474-1A3956D46DE8}") = "Overview (1)", "Overview", "{E44F752B-CDD6-4572-B6D3-D8D9C61E54AE}"
EndProject
Project("{9A19103F-16F7-4668-BE54-9A1E7A4F7556}") = "DataTypes", "Overview\DataTypes\DataTypes.csproj", "{120250CE-1A0D-470D-9536-C5CD7CD95A22}"
EndProject
Project("{9A19103F-16F7-4668-BE54-9A1E7A4F7556}") = "MyConsoleApp", "Overview\MyConsoleApp\MyConsoleApp.csproj", "{48D11C67-80FE-447F-822F-4DA3C3DD959F}"
EndProject
Project("{9A19103F-16F7-4668-BE54-9A1E7A4F7556}") = "GarbageCollect", "Overview\GarbageCollect\GarbageCollect.csproj", "{841D5455-7A03-45EA-AE21-533990DAE673}"
EndProject
Global
	GlobalSection(SolutionConfigurationPlatforms) = preSolution
		Debug|Any CPU = Debug|Any CPU
		Release|Any CPU = Release|Any CPU
	EndGlobalSection
	GlobalSection(ProjectConfigurationPlatforms) = postSolution
		{2ECCEDE0-885E-4038-833F-FDF26085F27D}.Debug|Any CPU.ActiveCfg = Debug|Any CPU
		{2ECCEDE0-885E-4038-833F-FDF26085F27D}.Debug|Any CPU.Build.0 = Debug|Any CPU
		{2ECCEDE0-885E-4038-833F-FDF26085F27D}.Release|Any CPU.ActiveCfg = Release|Any CPU
		{2ECCEDE0-885E-4038-833F-FDF26085F27D}.Release|Any CPU.Build.0 = Release|Any CPU
		{AC7A4CD5-B40E-40F7-9F25-09A7EEFB7EDA}.Debug|Any CPU.ActiveCfg = Debug|Any CPU
		{AC7A4CD5-B40E-40F7-9F25-09A7EEFB7EDA}.Debug|Any CPU.Build.0 = Debug|Any CPU
		{AC7A4CD5-B40E-40F7-9F25-09A7EEFB7EDA}.Release|Any CPU.ActiveCfg = Release|Any CPU
		{AC7A4CD5-B40E-40F7-9F25-09A7EEFB7EDA}.Release|Any CPU.Build.0 = Release|Any CPU
		{E453A86C-8071-4D93-9851-6A3B50C1151B}.Debug|Any CPU.ActiveCfg = Debug|Any CPU
		{E453A86C-8071-4D93-9851-6A3B50C1151B}.Debug|Any CPU.Build.0 = Debug|Any CPU
		{E453A86C-8071-4D93-9851-6A3B50C1151B}.Release|Any CPU.ActiveCfg = Release|Any CPU
		{E453A86C-8071-4D93-9851-6A3B50C1151B}.Release|Any CPU.Build.0 = Release|Any CPU
		{514A8500-8212-4587-A31F-F2A1C0859C12}.Debug|Any CPU.ActiveCfg = Debug|Any CPU
		{514A8500-8212-4587-A31F-F2A1C0859C12}.Debug|Any CPU.Build.0 = Debug|Any CPU
		{514A8500-8212-4587-A31F-F2A1C0859C12}.Release|Any CPU.ActiveCfg = Release|Any CPU
		{514A8500-8212-4587-A31F-F2A1C0859C12}.Release|Any CPU.Build.0 = Release|Any CPU
		{17FE50D2-2705-41AB-BE96-4FE3997E878F}.Debug|Any CPU.ActiveCfg = Debug|Any CPU
		{17FE50D2-2705-41AB-BE96-4FE3997E878F}.Debug|Any CPU.Build.0 = Debug|Any CPU
		{17FE50D2-2705-41AB-BE96-4FE3997E878F}.Release|Any CPU.ActiveCfg = Release|Any CPU
		{17FE50D2-2705-41AB-BE96-4FE3997E878F}.Release|Any CPU.Build.0 = Release|Any CPU
		{0B6D5D79-2A23-4538-BD0D-EC6EEA53F23E}.Debug|Any CPU.ActiveCfg = Debug|Any CPU
		{0B6D5D79-2A23-4538-BD0D-EC6EEA53F23E}.Debug|Any CPU.Build.0 = Debug|Any CPU
		{0B6D5D79-2A23-4538-BD0D-EC6EEA53F23E}.Release|Any CPU.ActiveCfg = Release|Any CPU
		{0B6D5D79-2A23-4538-BD0D-EC6EEA53F23E}.Release|Any CPU.Build.0 = Release|Any CPU
		{4DE3E7FF-F996-46EF-9F4F-A3562B9549D5}.Debug|Any CPU.ActiveCfg = Debug|Any CPU
		{4DE3E7FF-F996-46EF-9F4F-A3562B9549D5}.Debug|Any CPU.Build.0 = Debug|Any CPU
		{4DE3E7FF-F996-46EF-9F4F-A3562B9549D5}.Release|Any CPU.ActiveCfg = Release|Any CPU
		{4DE3E7FF-F996-46EF-9F4F-A3562B9549D5}.Release|Any CPU.Build.0 = Release|Any CPU
		{711F6736-AE30-4E5D-B350-9E79CAE7DB43}.Debug|Any CPU.ActiveCfg = Debug|Any CPU
		{711F6736-AE30-4E5D-B350-9E79CAE7DB43}.Debug|Any CPU.Build.0 = Debug|Any CPU
		{711F6736-AE30-4E5D-B350-9E79CAE7DB43}.Release|Any CPU.ActiveCfg = Release|Any CPU
		{711F6736-AE30-4E5D-B350-9E79CAE7DB43}.Release|Any CPU.Build.0 = Release|Any CPU
		{5CB87959-A064-4403-B780-773510E4348B}.Debug|Any CPU.ActiveCfg = Debug|Any CPU
		{5CB87959-A064-4403-B780-773510E4348B}.Debug|Any CPU.Build.0 = Debug|Any CPU
		{5CB87959-A064-4403-B780-773510E4348B}.Release|Any CPU.ActiveCfg = Release|Any CPU
		{5CB87959-A064-4403-B780-773510E4348B}.Release|Any CPU.Build.0 = Release|Any CPU
		{15174E9F-58C6-4DEE-945C-39CF46739FB8}.Debug|Any CPU.ActiveCfg = Debug|Any CPU
		{15174E9F-58C6-4DEE-945C-39CF46739FB8}.Debug|Any CPU.Build.0 = Debug|Any CPU
		{15174E9F-58C6-4DEE-945C-39CF46739FB8}.Release|Any CPU.ActiveCfg = Release|Any CPU
		{15174E9F-58C6-4DEE-945C-39CF46739FB8}.Release|Any CPU.Build.0 = Release|Any CPU
		{E0ABD8F5-2C74-472D-AFCE-AAD1ED852DF7}.Debug|Any CPU.ActiveCfg = Debug|Any CPU
		{E0ABD8F5-2C74-472D-AFCE-AAD1ED852DF7}.Debug|Any CPU.Build.0 = Debug|Any CPU
		{E0ABD8F5-2C74-472D-AFCE-AAD1ED852DF7}.Release|Any CPU.ActiveCfg = Release|Any CPU
		{E0ABD8F5-2C74-472D-AFCE-AAD1ED852DF7}.Release|Any CPU.Build.0 = Release|Any CPU
		{ED6FA3C7-7497-4EA3-8CB5-B5C81D6F8144}.Debug|Any CPU.ActiveCfg = Debug|Any CPU
		{ED6FA3C7-7497-4EA3-8CB5-B5C81D6F8144}.Debug|Any CPU.Build.0 = Debug|Any CPU
		{ED6FA3C7-7497-4EA3-8CB5-B5C81D6F8144}.Release|Any CPU.ActiveCfg = Release|Any CPU
		{ED6FA3C7-7497-4EA3-8CB5-B5C81D6F8144}.Release|Any CPU.Build.0 = Release|Any CPU
		{229C9358-B35F-41CA-B095-789610227E44}.Debug|Any CPU.ActiveCfg = Debug|Any CPU
		{229C9358-B35F-41CA-B095-789610227E44}.Debug|Any CPU.Build.0 = Debug|Any CPU
		{229C9358-B35F-41CA-B095-789610227E44}.Release|Any CPU.ActiveCfg = Release|Any CPU
		{229C9358-B35F-41CA-B095-789610227E44}.Release|Any CPU.Build.0 = Release|Any CPU
		{8F30AA3A-9FA8-44FB-A051-0FB10B652FF8}.Debug|Any CPU.ActiveCfg = Debug|Any CPU
		{8F30AA3A-9FA8-44FB-A051-0FB10B652FF8}.Debug|Any CPU.Build.0 = Debug|Any CPU
		{8F30AA3A-9FA8-44FB-A051-0FB10B652FF8}.Release|Any CPU.ActiveCfg = Release|Any CPU
		{8F30AA3A-9FA8-44FB-A051-0FB10B652FF8}.Release|Any CPU.Build.0 = Release|Any CPU
		{D828AF98-DF3B-4D6C-A5C7-9B7379CFEA9D}.Debug|Any CPU.ActiveCfg = Debug|Any CPU
		{D828AF98-DF3B-4D6C-A5C7-9B7379CFEA9D}.Debug|Any CPU.Build.0 = Debug|Any CPU
		{D828AF98-DF3B-4D6C-A5C7-9B7379CFEA9D}.Release|Any CPU.ActiveCfg = Release|Any CPU
		{D828AF98-DF3B-4D6C-A5C7-9B7379CFEA9D}.Release|Any CPU.Build.0 = Release|Any CPU
		{DBE12815-D6EB-4B8D-9431-8664E9F4824B}.Debug|Any CPU.ActiveCfg = Debug|Any CPU
		{DBE12815-D6EB-4B8D-9431-8664E9F4824B}.Debug|Any CPU.Build.0 = Debug|Any CPU
		{DBE12815-D6EB-4B8D-9431-8664E9F4824B}.Release|Any CPU.ActiveCfg = Release|Any CPU
		{DBE12815-D6EB-4B8D-9431-8664E9F4824B}.Release|Any CPU.Build.0 = Release|Any CPU
		{864649F8-A59C-4A3E-A567-3EE1154BB575}.Debug|Any CPU.ActiveCfg = Debug|Any CPU
		{864649F8-A59C-4A3E-A567-3EE1154BB575}.Debug|Any CPU.Build.0 = Debug|Any CPU
		{864649F8-A59C-4A3E-A567-3EE1154BB575}.Release|Any CPU.ActiveCfg = Release|Any CPU
		{864649F8-A59C-4A3E-A567-3EE1154BB575}.Release|Any CPU.Build.0 = Release|Any CPU
		{120250CE-1A0D-470D-9536-C5CD7CD95A22}.Debug|Any CPU.ActiveCfg = Debug|Any CPU
		{120250CE-1A0D-470D-9536-C5CD7CD95A22}.Debug|Any CPU.Build.0 = Debug|Any CPU
		{120250CE-1A0D-470D-9536-C5CD7CD95A22}.Release|Any CPU.ActiveCfg = Release|Any CPU
		{120250CE-1A0D-470D-9536-C5CD7CD95A22}.Release|Any CPU.Build.0 = Release|Any CPU
		{48D11C67-80FE-447F-822F-4DA3C3DD959F}.Debug|Any CPU.ActiveCfg = Debug|Any CPU
		{48D11C67-80FE-447F-822F-4DA3C3DD959F}.Debug|Any CPU.Build.0 = Debug|Any CPU
		{48D11C67-80FE-447F-822F-4DA3C3DD959F}.Release|Any CPU.ActiveCfg = Release|Any CPU
		{48D11C67-80FE-447F-822F-4DA3C3DD959F}.Release|Any CPU.Build.0 = Release|Any CPU
		{841D5455-7A03-45EA-AE21-533990DAE673}.Debug|Any CPU.ActiveCfg = Debug|Any CPU
		{841D5455-7A03-45EA-AE21-533990DAE673}.Debug|Any CPU.Build.0 = Debug|Any CPU
		{841D5455-7A03-45EA-AE21-533990DAE673}.Release|Any CPU.ActiveCfg = Release|Any CPU
		{841D5455-7A03-45EA-AE21-533990DAE673}.Release|Any CPU.Build.0 = Release|Any CPU
	EndGlobalSection
	GlobalSection(SolutionProperties) = preSolution
		HideSolutionNode = FALSE
	EndGlobalSection
	GlobalSection(NestedProjects) = preSolution
		{AC7A4CD5-B40E-40F7-9F25-09A7EEFB7EDA} = {46D8C6EF-25AC-4125-A06E-9FACA41B37C2}
		{E453A86C-8071-4D93-9851-6A3B50C1151B} = {46D8C6EF-25AC-4125-A06E-9FACA41B37C2}
		{514A8500-8212-4587-A31F-F2A1C0859C12} = {46D8C6EF-25AC-4125-A06E-9FACA41B37C2}
		{17FE50D2-2705-41AB-BE96-4FE3997E878F} = {46D8C6EF-25AC-4125-A06E-9FACA41B37C2}
		{0B6D5D79-2A23-4538-BD0D-EC6EEA53F23E} = {62830F7E-8595-454E-A7BD-8D28D424C7BE}
		{4DE3E7FF-F996-46EF-9F4F-A3562B9549D5} = {62830F7E-8595-454E-A7BD-8D28D424C7BE}
		{711F6736-AE30-4E5D-B350-9E79CAE7DB43} = {62830F7E-8595-454E-A7BD-8D28D424C7BE}
		{5CB87959-A064-4403-B780-773510E4348B} = {F477CB64-2B94-4D8D-867C-B20B45E2AD4E}
		{15174E9F-58C6-4DEE-945C-39CF46739FB8} = {F477CB64-2B94-4D8D-867C-B20B45E2AD4E}
		{E0ABD8F5-2C74-472D-AFCE-AAD1ED852DF7} = {F477CB64-2B94-4D8D-867C-B20B45E2AD4E}
		{ED6FA3C7-7497-4EA3-8CB5-B5C81D6F8144} = {F477CB64-2B94-4D8D-867C-B20B45E2AD4E}
		{229C9358-B35F-41CA-B095-789610227E44} = {F477CB64-2B94-4D8D-867C-B20B45E2AD4E}
		{8F30AA3A-9FA8-44FB-A051-0FB10B652FF8} = {4F6B553C-2B22-4846-B382-A8982C233CB4}
		{D828AF98-DF3B-4D6C-A5C7-9B7379CFEA9D} = {4F6B553C-2B22-4846-B382-A8982C233CB4}
		{DBE12815-D6EB-4B8D-9431-8664E9F4824B} = {4F6B553C-2B22-4846-B382-A8982C233CB4}
		{864649F8-A59C-4A3E-A567-3EE1154BB575} = {4F6B553C-2B22-4846-B382-A8982C233CB4}
		{120250CE-1A0D-470D-9536-C5CD7CD95A22} = {E44F752B-CDD6-4572-B6D3-D8D9C61E54AE}
		{48D11C67-80FE-447F-822F-4DA3C3DD959F} = {E44F752B-CDD6-4572-B6D3-D8D9C61E54AE}
		{841D5455-7A03-45EA-AE21-533990DAE673} = {E44F752B-CDD6-4572-B6D3-D8D9C61E54AE}
	EndGlobalSection
	GlobalSection(ExtensibilityGlobals) = postSolution
		SolutionGuid = {787C508F-66A8-4E37-A446-326DA0508D77}
	EndGlobalSection
EndGlobal
